// !$*UTF8*$!
{
	archiveVersion = 1;
	classes = {
	};
	objectVersion = 56;
	objects = {

/* Begin PBXBuildFile section */
		C24734C32B46BE6500D8F6D9 /* git_user_explorerApp.swift in Sources */ = {isa = PBXBuildFile; fileRef = C24734C22B46BE6500D8F6D9 /* git_user_explorerApp.swift */; };
		C24734C52B46BE6500D8F6D9 /* ContentView.swift in Sources */ = {isa = PBXBuildFile; fileRef = C24734C42B46BE6500D8F6D9 /* ContentView.swift */; };
		C24734C72B46BE6700D8F6D9 /* Assets.xcassets in Resources */ = {isa = PBXBuildFile; fileRef = C24734C62B46BE6700D8F6D9 /* Assets.xcassets */; };
		C24734CA2B46BE6700D8F6D9 /* Preview Assets.xcassets in Resources */ = {isa = PBXBuildFile; fileRef = C24734C92B46BE6700D8F6D9 /* Preview Assets.xcassets */; };
		C2E33DBD2B46D5F2006EC323 /* Colors.swift in Sources */ = {isa = PBXBuildFile; fileRef = C2E33DBC2B46D5F2006EC323 /* Colors.swift */; };
		C2E33DC32B46D8C1006EC323 /* UserDetailsView.swift in Sources */ = {isa = PBXBuildFile; fileRef = C2E33DC22B46D8C1006EC323 /* UserDetailsView.swift */; };
		C2E33DC52B46DE8B006EC323 /* UserListView.swift in Sources */ = {isa = PBXBuildFile; fileRef = C2E33DC42B46DE8B006EC323 /* UserListView.swift */; };
		C2E33DC72B46EC1C006EC323 /* UserListViewModel.swift in Sources */ = {isa = PBXBuildFile; fileRef = C2E33DC62B46EC1C006EC323 /* UserListViewModel.swift */; };
		C2E33DC92B47C281006EC323 /* UserCellView.swift in Sources */ = {isa = PBXBuildFile; fileRef = C2E33DC82B47C281006EC323 /* UserCellView.swift */; };
		C2E33DCC2B47ED99006EC323 /* RepositoryListView.swift in Sources */ = {isa = PBXBuildFile; fileRef = C2E33DCB2B47ED99006EC323 /* RepositoryListView.swift */; };
		C2E33DCE2B47EDA3006EC323 /* RepositoryCellView.swift in Sources */ = {isa = PBXBuildFile; fileRef = C2E33DCD2B47EDA3006EC323 /* RepositoryCellView.swift */; };
/* End PBXBuildFile section */

/* Begin PBXFileReference section */
		C24734BF2B46BE6500D8F6D9 /* git-user-explorer.app */ = {isa = PBXFileReference; explicitFileType = wrapper.application; includeInIndex = 0; path = "git-user-explorer.app"; sourceTree = BUILT_PRODUCTS_DIR; };
		C24734C22B46BE6500D8F6D9 /* git_user_explorerApp.swift */ = {isa = PBXFileReference; lastKnownFileType = sourcecode.swift; path = git_user_explorerApp.swift; sourceTree = "<group>"; };
		C24734C42B46BE6500D8F6D9 /* ContentView.swift */ = {isa = PBXFileReference; lastKnownFileType = sourcecode.swift; path = ContentView.swift; sourceTree = "<group>"; };
		C24734C62B46BE6700D8F6D9 /* Assets.xcassets */ = {isa = PBXFileReference; lastKnownFileType = folder.assetcatalog; path = Assets.xcassets; sourceTree = "<group>"; };
		C24734C92B46BE6700D8F6D9 /* Preview Assets.xcassets */ = {isa = PBXFileReference; lastKnownFileType = folder.assetcatalog; path = "Preview Assets.xcassets"; sourceTree = "<group>"; };
		C2E33DBC2B46D5F2006EC323 /* Colors.swift */ = {isa = PBXFileReference; lastKnownFileType = sourcecode.swift; path = Colors.swift; sourceTree = "<group>"; };
		C2E33DC22B46D8C1006EC323 /* UserDetailsView.swift */ = {isa = PBXFileReference; lastKnownFileType = sourcecode.swift; path = UserDetailsView.swift; sourceTree = "<group>"; };
		C2E33DC42B46DE8B006EC323 /* UserListView.swift */ = {isa = PBXFileReference; lastKnownFileType = sourcecode.swift; path = UserListView.swift; sourceTree = "<group>"; };
		C2E33DC62B46EC1C006EC323 /* UserListViewModel.swift */ = {isa = PBXFileReference; lastKnownFileType = sourcecode.swift; path = UserListViewModel.swift; sourceTree = "<group>"; };
		C2E33DC82B47C281006EC323 /* UserCellView.swift */ = {isa = PBXFileReference; lastKnownFileType = sourcecode.swift; path = UserCellView.swift; sourceTree = "<group>"; };
		C2E33DCB2B47ED99006EC323 /* RepositoryListView.swift */ = {isa = PBXFileReference; lastKnownFileType = sourcecode.swift; path = RepositoryListView.swift; sourceTree = "<group>"; };
		C2E33DCD2B47EDA3006EC323 /* RepositoryCellView.swift */ = {isa = PBXFileReference; lastKnownFileType = sourcecode.swift; path = RepositoryCellView.swift; sourceTree = "<group>"; };
/* End PBXFileReference section */

/* Begin PBXFrameworksBuildPhase section */
		C24734BC2B46BE6500D8F6D9 /* Frameworks */ = {
			isa = PBXFrameworksBuildPhase;
			buildActionMask = 2147483647;
			files = (
			);
			runOnlyForDeploymentPostprocessing = 0;
		};
/* End PBXFrameworksBuildPhase section */

/* Begin PBXGroup section */
		C24734B62B46BE6500D8F6D9 = {
			isa = PBXGroup;
			children = (
				C24734C12B46BE6500D8F6D9 /* git-user-explorer */,
				C24734C02B46BE6500D8F6D9 /* Products */,
			);
			sourceTree = "<group>";
		};
		C24734C02B46BE6500D8F6D9 /* Products */ = {
			isa = PBXGroup;
			children = (
				C24734BF2B46BE6500D8F6D9 /* git-user-explorer.app */,
			);
			name = Products;
			sourceTree = "<group>";
		};
		C24734C12B46BE6500D8F6D9 /* git-user-explorer */ = {
			isa = PBXGroup;
			children = (
				C2E33DBE2B46D880006EC323 /* Modules */,
				C2E33DBB2B46D5D1006EC323 /* DesignSystem */,
				C24734C22B46BE6500D8F6D9 /* git_user_explorerApp.swift */,
				C24734C42B46BE6500D8F6D9 /* ContentView.swift */,
				C24734C62B46BE6700D8F6D9 /* Assets.xcassets */,
				C24734C82B46BE6700D8F6D9 /* Preview Content */,
			);
			path = "git-user-explorer";
			sourceTree = "<group>";
		};
		C24734C82B46BE6700D8F6D9 /* Preview Content */ = {
			isa = PBXGroup;
			children = (
				C24734C92B46BE6700D8F6D9 /* Preview Assets.xcassets */,
			);
			path = "Preview Content";
			sourceTree = "<group>";
		};
		C2E33DBB2B46D5D1006EC323 /* DesignSystem */ = {
			isa = PBXGroup;
			children = (
				C2E33DBC2B46D5F2006EC323 /* Colors.swift */,
			);
			path = DesignSystem;
			sourceTree = "<group>";
		};
		C2E33DBE2B46D880006EC323 /* Modules */ = {
			isa = PBXGroup;
			children = (
				C2E33DCA2B47ED18006EC323 /* Repository */,
				C2E33DC12B46D8B4006EC323 /* UserDetails */,
				C2E33DBF2B46D88B006EC323 /* UserList */,
			);
			path = Modules;
			sourceTree = "<group>";
		};
		C2E33DBF2B46D88B006EC323 /* UserList */ = {
			isa = PBXGroup;
			children = (
				C2E33DC42B46DE8B006EC323 /* UserListView.swift */,
				C2E33DC62B46EC1C006EC323 /* UserListViewModel.swift */,
				C2E33DC82B47C281006EC323 /* UserCellView.swift */,
			);
			path = UserList;
			sourceTree = "<group>";
		};
		C2E33DC12B46D8B4006EC323 /* UserDetails */ = {
			isa = PBXGroup;
			children = (
				C2E33DC22B46D8C1006EC323 /* UserDetailsView.swift */,
			);
			path = UserDetails;
			sourceTree = "<group>";
		};
		C2E33DCA2B47ED18006EC323 /* Repository */ = {
			isa = PBXGroup;
			children = (
				C2E33DCB2B47ED99006EC323 /* RepositoryListView.swift */,
				C2E33DCD2B47EDA3006EC323 /* RepositoryCellView.swift */,
			);
			path = Repository;
			sourceTree = "<group>";
		};
/* End PBXGroup section */

/* Begin PBXNativeTarget section */
		C24734BE2B46BE6500D8F6D9 /* git-user-explorer */ = {
			isa = PBXNativeTarget;
			buildConfigurationList = C24734CD2B46BE6700D8F6D9 /* Build configuration list for PBXNativeTarget "git-user-explorer" */;
			buildPhases = (
				C24734BB2B46BE6500D8F6D9 /* Sources */,
				C24734BC2B46BE6500D8F6D9 /* Frameworks */,
				C24734BD2B46BE6500D8F6D9 /* Resources */,
			);
			buildRules = (
			);
			dependencies = (
			);
			name = "git-user-explorer";
			productName = "git-user-explorer";
			productReference = C24734BF2B46BE6500D8F6D9 /* git-user-explorer.app */;
			productType = "com.apple.product-type.application";
		};
/* End PBXNativeTarget section */

/* Begin PBXProject section */
		C24734B72B46BE6500D8F6D9 /* Project object */ = {
			isa = PBXProject;
			attributes = {
				BuildIndependentTargetsInParallel = 1;
				LastSwiftUpdateCheck = 1500;
				LastUpgradeCheck = 1500;
				TargetAttributes = {
					C24734BE2B46BE6500D8F6D9 = {
						CreatedOnToolsVersion = 15.0;
					};
				};
			};
			buildConfigurationList = C24734BA2B46BE6500D8F6D9 /* Build configuration list for PBXProject "git-user-explorer" */;
			compatibilityVersion = "Xcode 14.0";
			developmentRegion = en;
			hasScannedForEncodings = 0;
			knownRegions = (
				en,
				Base,
			);
			mainGroup = C24734B62B46BE6500D8F6D9;
			productRefGroup = C24734C02B46BE6500D8F6D9 /* Products */;
			projectDirPath = "";
			projectRoot = "";
			targets = (
				C24734BE2B46BE6500D8F6D9 /* git-user-explorer */,
			);
		};
/* End PBXProject section */

/* Begin PBXResourcesBuildPhase section */
		C24734BD2B46BE6500D8F6D9 /* Resources */ = {
			isa = PBXResourcesBuildPhase;
			buildActionMask = 2147483647;
			files = (
				C24734CA2B46BE6700D8F6D9 /* Preview Assets.xcassets in Resources */,
				C24734C72B46BE6700D8F6D9 /* Assets.xcassets in Resources */,
			);
			runOnlyForDeploymentPostprocessing = 0;
		};
/* End PBXResourcesBuildPhase section */

/* Begin PBXSourcesBuildPhase section */
		C24734BB2B46BE6500D8F6D9 /* Sources */ = {
			isa = PBXSourcesBuildPhase;
			buildActionMask = 2147483647;
			files = (
				C2E33DC32B46D8C1006EC323 /* UserDetailsView.swift in Sources */,
				C2E33DC72B46EC1C006EC323 /* UserListViewModel.swift in Sources */,
				C2E33DCC2B47ED99006EC323 /* RepositoryListView.swift in Sources */,
				C2E33DC52B46DE8B006EC323 /* UserListView.swift in Sources */,
				C2E33DC92B47C281006EC323 /* UserCellView.swift in Sources */,
				C24734C52B46BE6500D8F6D9 /* ContentView.swift in Sources */,
				C2E33DCE2B47EDA3006EC323 /* RepositoryCellView.swift in Sources */,
				C2E33DBD2B46D5F2006EC323 /* Colors.swift in Sources */,
				C24734C32B46BE6500D8F6D9 /* git_user_explorerApp.swift in Sources */,
			);
			runOnlyForDeploymentPostprocessing = 0;
		};
/* End PBXSourcesBuildPhase section */

/* Begin XCBuildConfiguration section */
		C24734CB2B46BE6700D8F6D9 /* Debug */ = {
			isa = XCBuildConfiguration;
			buildSettings = {
				ALWAYS_SEARCH_USER_PATHS = NO;
				ASSETCATALOG_COMPILER_GENERATE_SWIFT_ASSET_SYMBOL_EXTENSIONS = YES;
				CLANG_ANALYZER_NONNULL = YES;
				CLANG_ANALYZER_NUMBER_OBJECT_CONVERSION = YES_AGGRESSIVE;
				CLANG_CXX_LANGUAGE_STANDARD = "gnu++20";
				CLANG_ENABLE_MODULES = YES;
				CLANG_ENABLE_OBJC_ARC = YES;
				CLANG_ENABLE_OBJC_WEAK = YES;
				CLANG_WARN_BLOCK_CAPTURE_AUTORELEASING = YES;
				CLANG_WARN_BOOL_CONVERSION = YES;
				CLANG_WARN_COMMA = YES;
				CLANG_WARN_CONSTANT_CONVERSION = YES;
				CLANG_WARN_DEPRECATED_OBJC_IMPLEMENTATIONS = YES;
				CLANG_WARN_DIRECT_OBJC_ISA_USAGE = YES_ERROR;
				CLANG_WARN_DOCUMENTATION_COMMENTS = YES;
				CLANG_WARN_EMPTY_BODY = YES;
				CLANG_WARN_ENUM_CONVERSION = YES;
				CLANG_WARN_INFINITE_RECURSION = YES;
				CLANG_WARN_INT_CONVERSION = YES;
				CLANG_WARN_NON_LITERAL_NULL_CONVERSION = YES;
				CLANG_WARN_OBJC_IMPLICIT_RETAIN_SELF = YES;
				CLANG_WARN_OBJC_LITERAL_CONVERSION = YES;
				CLANG_WARN_OBJC_ROOT_CLASS = YES_ERROR;
				CLANG_WARN_QUOTED_INCLUDE_IN_FRAMEWORK_HEADER = YES;
				CLANG_WARN_RANGE_LOOP_ANALYSIS = YES;
				CLANG_WARN_STRICT_PROTOTYPES = YES;
				CLANG_WARN_SUSPICIOUS_MOVE = YES;
				CLANG_WARN_UNGUARDED_AVAILABILITY = YES_AGGRESSIVE;
				CLANG_WARN_UNREACHABLE_CODE = YES;
				CLANG_WARN__DUPLICATE_METHOD_MATCH = YES;
				COPY_PHASE_STRIP = NO;
				DEBUG_INFORMATION_FORMAT = dwarf;
				ENABLE_STRICT_OBJC_MSGSEND = YES;
				ENABLE_TESTABILITY = YES;
				ENABLE_USER_SCRIPT_SANDBOXING = YES;
				GCC_C_LANGUAGE_STANDARD = gnu17;
				GCC_DYNAMIC_NO_PIC = NO;
				GCC_NO_COMMON_BLOCKS = YES;
				GCC_OPTIMIZATION_LEVEL = 0;
				GCC_PREPROCESSOR_DEFINITIONS = (
					"DEBUG=1",
					"$(inherited)",
				);
				GCC_WARN_64_TO_32_BIT_CONVERSION = YES;
				GCC_WARN_ABOUT_RETURN_TYPE = YES_ERROR;
				GCC_WARN_UNDECLARED_SELECTOR = YES;
				GCC_WARN_UNINITIALIZED_AUTOS = YES_AGGRESSIVE;
				GCC_WARN_UNUSED_FUNCTION = YES;
				GCC_WARN_UNUSED_VARIABLE = YES;
				IPHONEOS_DEPLOYMENT_TARGET = 17.0;
				LOCALIZATION_PREFERS_STRING_CATALOGS = YES;
				MTL_ENABLE_DEBUG_INFO = INCLUDE_SOURCE;
				MTL_FAST_MATH = YES;
				ONLY_ACTIVE_ARCH = YES;
				SDKROOT = iphoneos;
				SWIFT_ACTIVE_COMPILATION_CONDITIONS = "DEBUG $(inherited)";
				SWIFT_OPTIMIZATION_LEVEL = "-Onone";
			};
			name = Debug;
		};
		C24734CC2B46BE6700D8F6D9 /* Release */ = {
			isa = XCBuildConfiguration;
			buildSettings = {
				ALWAYS_SEARCH_USER_PATHS = NO;
				ASSETCATALOG_COMPILER_GENERATE_SWIFT_ASSET_SYMBOL_EXTENSIONS = YES;
				CLANG_ANALYZER_NONNULL = YES;
				CLANG_ANALYZER_NUMBER_OBJECT_CONVERSION = YES_AGGRESSIVE;
				CLANG_CXX_LANGUAGE_STANDARD = "gnu++20";
				CLANG_ENABLE_MODULES = YES;
				CLANG_ENABLE_OBJC_ARC = YES;
				CLANG_ENABLE_OBJC_WEAK = YES;
				CLANG_WARN_BLOCK_CAPTURE_AUTORELEASING = YES;
				CLANG_WARN_BOOL_CONVERSION = YES;
				CLANG_WARN_COMMA = YES;
				CLANG_WARN_CONSTANT_CONVERSION = YES;
				CLANG_WARN_DEPRECATED_OBJC_IMPLEMENTATIONS = YES;
				CLANG_WARN_DIRECT_OBJC_ISA_USAGE = YES_ERROR;
				CLANG_WARN_DOCUMENTATION_COMMENTS = YES;
				CLANG_WARN_EMPTY_BODY = YES;
				CLANG_WARN_ENUM_CONVERSION = YES;
				CLANG_WARN_INFINITE_RECURSION = YES;
				CLANG_WARN_INT_CONVERSION = YES;
				CLANG_WARN_NON_LITERAL_NULL_CONVERSION = YES;
				CLANG_WARN_OBJC_IMPLICIT_RETAIN_SELF = YES;
				CLANG_WARN_OBJC_LITERAL_CONVERSION = YES;
				CLANG_WARN_OBJC_ROOT_CLASS = YES_ERROR;
				CLANG_WARN_QUOTED_INCLUDE_IN_FRAMEWORK_HEADER = YES;
				CLANG_WARN_RANGE_LOOP_ANALYSIS = YES;
				CLANG_WARN_STRICT_PROTOTYPES = YES;
				CLANG_WARN_SUSPICIOUS_MOVE = YES;
				CLANG_WARN_UNGUARDED_AVAILABILITY = YES_AGGRESSIVE;
				CLANG_WARN_UNREACHABLE_CODE = YES;
				CLANG_WARN__DUPLICATE_METHOD_MATCH = YES;
				COPY_PHASE_STRIP = NO;
				DEBUG_INFORMATION_FORMAT = "dwarf-with-dsym";
				ENABLE_NS_ASSERTIONS = NO;
				ENABLE_STRICT_OBJC_MSGSEND = YES;
				ENABLE_USER_SCRIPT_SANDBOXING = YES;
				GCC_C_LANGUAGE_STANDARD = gnu17;
				GCC_NO_COMMON_BLOCKS = YES;
				GCC_WARN_64_TO_32_BIT_CONVERSION = YES;
				GCC_WARN_ABOUT_RETURN_TYPE = YES_ERROR;
				GCC_WARN_UNDECLARED_SELECTOR = YES;
				GCC_WARN_UNINITIALIZED_AUTOS = YES_AGGRESSIVE;
				GCC_WARN_UNUSED_FUNCTION = YES;
				GCC_WARN_UNUSED_VARIABLE = YES;
				IPHONEOS_DEPLOYMENT_TARGET = 17.0;
				LOCALIZATION_PREFERS_STRING_CATALOGS = YES;
				MTL_ENABLE_DEBUG_INFO = NO;
				MTL_FAST_MATH = YES;
				SDKROOT = iphoneos;
				SWIFT_COMPILATION_MODE = wholemodule;
				VALIDATE_PRODUCT = YES;
			};
			name = Release;
		};
		C24734CE2B46BE6700D8F6D9 /* Debug */ = {
			isa = XCBuildConfiguration;
			buildSettings = {
				ASSETCATALOG_COMPILER_APPICON_NAME = AppIcon;
				ASSETCATALOG_COMPILER_GLOBAL_ACCENT_COLOR_NAME = AccentColor;
				CODE_SIGN_STYLE = Automatic;
				CURRENT_PROJECT_VERSION = 1;
				DEVELOPMENT_ASSET_PATHS = "\"git-user-explorer/Preview Content\"";
				DEVELOPMENT_TEAM = 7S73LM65L7;
				ENABLE_PREVIEWS = YES;
				GENERATE_INFOPLIST_FILE = YES;
				INFOPLIST_KEY_UIApplicationSceneManifest_Generation = YES;
				INFOPLIST_KEY_UIApplicationSupportsIndirectInputEvents = YES;
				INFOPLIST_KEY_UILaunchScreen_Generation = YES;
				INFOPLIST_KEY_UISupportedInterfaceOrientations_iPad = "UIInterfaceOrientationPortrait UIInterfaceOrientationPortraitUpsideDown UIInterfaceOrientationLandscapeLeft UIInterfaceOrientationLandscapeRight";
				INFOPLIST_KEY_UISupportedInterfaceOrientations_iPhone = "UIInterfaceOrientationPortrait UIInterfaceOrientationLandscapeLeft UIInterfaceOrientationLandscapeRight";
				LD_RUNPATH_SEARCH_PATHS = (
					"$(inherited)",
					"@executable_path/Frameworks",
				);
				MARKETING_VERSION = 1.0;
				PRODUCT_BUNDLE_IDENTIFIER = "paramithatm.git-user-explorer";
				PRODUCT_NAME = "$(TARGET_NAME)";
				SWIFT_EMIT_LOC_STRINGS = YES;
				SWIFT_VERSION = 5.0;
				TARGETED_DEVICE_FAMILY = "1,2";
			};
			name = Debug;
		};
		C24734CF2B46BE6700D8F6D9 /* Release */ = {
			isa = XCBuildConfiguration;
			buildSettings = {
				ASSETCATALOG_COMPILER_APPICON_NAME = AppIcon;
				ASSETCATALOG_COMPILER_GLOBAL_ACCENT_COLOR_NAME = AccentColor;
				CODE_SIGN_STYLE = Automatic;
				CURRENT_PROJECT_VERSION = 1;
				DEVELOPMENT_ASSET_PATHS = "\"git-user-explorer/Preview Content\"";
				DEVELOPMENT_TEAM = 7S73LM65L7;
				ENABLE_PREVIEWS = YES;
				GENERATE_INFOPLIST_FILE = YES;
				INFOPLIST_KEY_UIApplicationSceneManifest_Generation = YES;
				INFOPLIST_KEY_UIApplicationSupportsIndirectInputEvents = YES;
				INFOPLIST_KEY_UILaunchScreen_Generation = YES;
				INFOPLIST_KEY_UISupportedInterfaceOrientations_iPad = "UIInterfaceOrientationPortrait UIInterfaceOrientationPortraitUpsideDown UIInterfaceOrientationLandscapeLeft UIInterfaceOrientationLandscapeRight";
				INFOPLIST_KEY_UISupportedInterfaceOrientations_iPhone = "UIInterfaceOrientationPortrait UIInterfaceOrientationLandscapeLeft UIInterfaceOrientationLandscapeRight";
				LD_RUNPATH_SEARCH_PATHS = (
					"$(inherited)",
					"@executable_path/Frameworks",
				);
				MARKETING_VERSION = 1.0;
				PRODUCT_BUNDLE_IDENTIFIER = "paramithatm.git-user-explorer";
				PRODUCT_NAME = "$(TARGET_NAME)";
				SWIFT_EMIT_LOC_STRINGS = YES;
				SWIFT_VERSION = 5.0;
				TARGETED_DEVICE_FAMILY = "1,2";
			};
			name = Release;
		};
/* End XCBuildConfiguration section */

/* Begin XCConfigurationList section */
		C24734BA2B46BE6500D8F6D9 /* Build configuration list for PBXProject "git-user-explorer" */ = {
			isa = XCConfigurationList;
			buildConfigurations = (
				C24734CB2B46BE6700D8F6D9 /* Debug */,
				C24734CC2B46BE6700D8F6D9 /* Release */,
			);
			defaultConfigurationIsVisible = 0;
			defaultConfigurationName = Release;
		};
		C24734CD2B46BE6700D8F6D9 /* Build configuration list for PBXNativeTarget "git-user-explorer" */ = {
			isa = XCConfigurationList;
			buildConfigurations = (
				C24734CE2B46BE6700D8F6D9 /* Debug */,
				C24734CF2B46BE6700D8F6D9 /* Release */,
			);
			defaultConfigurationIsVisible = 0;
			defaultConfigurationName = Release;
		};
/* End XCConfigurationList section */
	};
	rootObject = C24734B72B46BE6500D8F6D9 /* Project object */;
}
