// !$*UTF8*$!
{
	archiveVersion = 1;
	classes = {
	};
	objectVersion = 56;
	objects = {

/* Begin PBXBuildFile section */
		124648C57EFB8922FE3B897E /* Pods_git_user_explorer.framework in Frameworks */ = {isa = PBXBuildFile; fileRef = 8A8EBEC61FD5DBECF16F1ADD /* Pods_git_user_explorer.framework */; };
		C20301152B48110500116B6E /* UserBasicModel.swift in Sources */ = {isa = PBXBuildFile; fileRef = C20301142B48110500116B6E /* UserBasicModel.swift */; };
		C20301192B48184000116B6E /* UserDetailsModel.swift in Sources */ = {isa = PBXBuildFile; fileRef = C20301182B48184000116B6E /* UserDetailsModel.swift */; };
		C203011D2B48200900116B6E /* RepoBasicModel.swift in Sources */ = {isa = PBXBuildFile; fileRef = C203011C2B48200900116B6E /* RepoBasicModel.swift */; };
		C212D2162B4BDE4100AE4A6E /* Typography.swift in Sources */ = {isa = PBXBuildFile; fileRef = C212D2152B4BDE4100AE4A6E /* Typography.swift */; };
		C212D2182B4BE74500AE4A6E /* Image+Style.swift in Sources */ = {isa = PBXBuildFile; fileRef = C212D2172B4BE74500AE4A6E /* Image+Style.swift */; };
		C212D21A2B4BECFD00AE4A6E /* Secret.swift in Sources */ = {isa = PBXBuildFile; fileRef = C212D2192B4BECFD00AE4A6E /* Secret.swift */; };
		C212D21C2B4BEDB000AE4A6E /* Config.plist in Resources */ = {isa = PBXBuildFile; fileRef = C212D21B2B4BEDB000AE4A6E /* Config.plist */; };
		C212D21F2B4BEFCD00AE4A6E /* SearchUserView.swift in Sources */ = {isa = PBXBuildFile; fileRef = C212D21E2B4BEFCD00AE4A6E /* SearchUserView.swift */; };
		C212D2212B4BEFD500AE4A6E /* SearchUserViewModel.swift in Sources */ = {isa = PBXBuildFile; fileRef = C212D2202B4BEFD500AE4A6E /* SearchUserViewModel.swift */; };
		C212D2232B4BF23D00AE4A6E /* SearchResponseModel.swift in Sources */ = {isa = PBXBuildFile; fileRef = C212D2222B4BF23D00AE4A6E /* SearchResponseModel.swift */; };
		C212D2292B4D473600AE4A6E /* EmptyView.swift in Sources */ = {isa = PBXBuildFile; fileRef = C212D2282B4D473600AE4A6E /* EmptyView.swift */; };
		C24734C32B46BE6500D8F6D9 /* git_user_explorerApp.swift in Sources */ = {isa = PBXBuildFile; fileRef = C24734C22B46BE6500D8F6D9 /* git_user_explorerApp.swift */; };
		C24734C52B46BE6500D8F6D9 /* ContentView.swift in Sources */ = {isa = PBXBuildFile; fileRef = C24734C42B46BE6500D8F6D9 /* ContentView.swift */; };
		C24734C72B46BE6700D8F6D9 /* Assets.xcassets in Resources */ = {isa = PBXBuildFile; fileRef = C24734C62B46BE6700D8F6D9 /* Assets.xcassets */; };
		C24734CA2B46BE6700D8F6D9 /* Preview Assets.xcassets in Resources */ = {isa = PBXBuildFile; fileRef = C24734C92B46BE6700D8F6D9 /* Preview Assets.xcassets */; };
		C24B0C1D2B4A7BC600AE9FA1 /* UserDetailsViewModel.swift in Sources */ = {isa = PBXBuildFile; fileRef = C24B0C1C2B4A7BC600AE9FA1 /* UserDetailsViewModel.swift */; };
		C24B0C1F2B4A863200AE9FA1 /* WebView.swift in Sources */ = {isa = PBXBuildFile; fileRef = C24B0C1E2B4A863200AE9FA1 /* WebView.swift */; };
		C24B0C212B4A89CC00AE9FA1 /* UserDetailsCardView.swift in Sources */ = {isa = PBXBuildFile; fileRef = C24B0C202B4A89CC00AE9FA1 /* UserDetailsCardView.swift */; };
		C24B0C272B4A8DB800AE9FA1 /* RepositoryListViewModel.swift in Sources */ = {isa = PBXBuildFile; fileRef = C24B0C262B4A8DB800AE9FA1 /* RepositoryListViewModel.swift */; };
		C25E6FBC2B4805240070C832 /* GitNetworkTarget.swift in Sources */ = {isa = PBXBuildFile; fileRef = C25E6FBB2B4805240070C832 /* GitNetworkTarget.swift */; };
		C2E33DBD2B46D5F2006EC323 /* Colors.swift in Sources */ = {isa = PBXBuildFile; fileRef = C2E33DBC2B46D5F2006EC323 /* Colors.swift */; };
		C2E33DC32B46D8C1006EC323 /* UserDetailsView.swift in Sources */ = {isa = PBXBuildFile; fileRef = C2E33DC22B46D8C1006EC323 /* UserDetailsView.swift */; };
		C2E33DC92B47C281006EC323 /* UserCellView.swift in Sources */ = {isa = PBXBuildFile; fileRef = C2E33DC82B47C281006EC323 /* UserCellView.swift */; };
		C2E33DCC2B47ED99006EC323 /* RepositoryListView.swift in Sources */ = {isa = PBXBuildFile; fileRef = C2E33DCB2B47ED99006EC323 /* RepositoryListView.swift */; };
		C2E33DCE2B47EDA3006EC323 /* RepositoryCellView.swift in Sources */ = {isa = PBXBuildFile; fileRef = C2E33DCD2B47EDA3006EC323 /* RepositoryCellView.swift */; };
/* End PBXBuildFile section */

/* Begin PBXFileReference section */
		362C6F9AA78B4E21E3BBD2E6 /* Pods-git-user-explorer.debug.xcconfig */ = {isa = PBXFileReference; includeInIndex = 1; lastKnownFileType = text.xcconfig; name = "Pods-git-user-explorer.debug.xcconfig"; path = "Target Support Files/Pods-git-user-explorer/Pods-git-user-explorer.debug.xcconfig"; sourceTree = "<group>"; };
		520BF47CCFD5DA7D0E77D626 /* Pods-git-user-explorer.release.xcconfig */ = {isa = PBXFileReference; includeInIndex = 1; lastKnownFileType = text.xcconfig; name = "Pods-git-user-explorer.release.xcconfig"; path = "Target Support Files/Pods-git-user-explorer/Pods-git-user-explorer.release.xcconfig"; sourceTree = "<group>"; };
		8A8EBEC61FD5DBECF16F1ADD /* Pods_git_user_explorer.framework */ = {isa = PBXFileReference; explicitFileType = wrapper.framework; includeInIndex = 0; path = Pods_git_user_explorer.framework; sourceTree = BUILT_PRODUCTS_DIR; };
		C20301142B48110500116B6E /* UserBasicModel.swift */ = {isa = PBXFileReference; lastKnownFileType = sourcecode.swift; path = UserBasicModel.swift; sourceTree = "<group>"; };
		C20301182B48184000116B6E /* UserDetailsModel.swift */ = {isa = PBXFileReference; lastKnownFileType = sourcecode.swift; path = UserDetailsModel.swift; sourceTree = "<group>"; };
		C203011C2B48200900116B6E /* RepoBasicModel.swift */ = {isa = PBXFileReference; lastKnownFileType = sourcecode.swift; path = RepoBasicModel.swift; sourceTree = "<group>"; };
		C212D2152B4BDE4100AE4A6E /* Typography.swift */ = {isa = PBXFileReference; lastKnownFileType = sourcecode.swift; path = Typography.swift; sourceTree = "<group>"; };
		C212D2172B4BE74500AE4A6E /* Image+Style.swift */ = {isa = PBXFileReference; lastKnownFileType = sourcecode.swift; path = "Image+Style.swift"; sourceTree = "<group>"; };
		C212D2192B4BECFD00AE4A6E /* Secret.swift */ = {isa = PBXFileReference; lastKnownFileType = sourcecode.swift; path = Secret.swift; sourceTree = "<group>"; };
		C212D21B2B4BEDB000AE4A6E /* Config.plist */ = {isa = PBXFileReference; lastKnownFileType = text.plist.xml; path = Config.plist; sourceTree = "<group>"; };
		C212D21E2B4BEFCD00AE4A6E /* SearchUserView.swift */ = {isa = PBXFileReference; lastKnownFileType = sourcecode.swift; path = SearchUserView.swift; sourceTree = "<group>"; };
		C212D2202B4BEFD500AE4A6E /* SearchUserViewModel.swift */ = {isa = PBXFileReference; lastKnownFileType = sourcecode.swift; path = SearchUserViewModel.swift; sourceTree = "<group>"; };
		C212D2222B4BF23D00AE4A6E /* SearchResponseModel.swift */ = {isa = PBXFileReference; lastKnownFileType = sourcecode.swift; path = SearchResponseModel.swift; sourceTree = "<group>"; };
		C212D2282B4D473600AE4A6E /* EmptyView.swift */ = {isa = PBXFileReference; lastKnownFileType = sourcecode.swift; path = EmptyView.swift; sourceTree = "<group>"; };
		C24734BF2B46BE6500D8F6D9 /* git-user-explorer.app */ = {isa = PBXFileReference; explicitFileType = wrapper.application; includeInIndex = 0; path = "git-user-explorer.app"; sourceTree = BUILT_PRODUCTS_DIR; };
		C24734C22B46BE6500D8F6D9 /* git_user_explorerApp.swift */ = {isa = PBXFileReference; lastKnownFileType = sourcecode.swift; path = git_user_explorerApp.swift; sourceTree = "<group>"; };
		C24734C42B46BE6500D8F6D9 /* ContentView.swift */ = {isa = PBXFileReference; lastKnownFileType = sourcecode.swift; path = ContentView.swift; sourceTree = "<group>"; };
		C24734C62B46BE6700D8F6D9 /* Assets.xcassets */ = {isa = PBXFileReference; lastKnownFileType = folder.assetcatalog; path = Assets.xcassets; sourceTree = "<group>"; };
		C24734C92B46BE6700D8F6D9 /* Preview Assets.xcassets */ = {isa = PBXFileReference; lastKnownFileType = folder.assetcatalog; path = "Preview Assets.xcassets"; sourceTree = "<group>"; };
		C24B0C1C2B4A7BC600AE9FA1 /* UserDetailsViewModel.swift */ = {isa = PBXFileReference; lastKnownFileType = sourcecode.swift; path = UserDetailsViewModel.swift; sourceTree = "<group>"; };
		C24B0C1E2B4A863200AE9FA1 /* WebView.swift */ = {isa = PBXFileReference; lastKnownFileType = sourcecode.swift; path = WebView.swift; sourceTree = "<group>"; };
		C24B0C202B4A89CC00AE9FA1 /* UserDetailsCardView.swift */ = {isa = PBXFileReference; lastKnownFileType = sourcecode.swift; path = UserDetailsCardView.swift; sourceTree = "<group>"; };
		C24B0C262B4A8DB800AE9FA1 /* RepositoryListViewModel.swift */ = {isa = PBXFileReference; lastKnownFileType = sourcecode.swift; path = RepositoryListViewModel.swift; sourceTree = "<group>"; };
		C24B0C282B4A9D6400AE9FA1 /* Info.plist */ = {isa = PBXFileReference; lastKnownFileType = text.plist; path = Info.plist; sourceTree = "<group>"; };
		C25E6FBB2B4805240070C832 /* GitNetworkTarget.swift */ = {isa = PBXFileReference; lastKnownFileType = sourcecode.swift; path = GitNetworkTarget.swift; sourceTree = "<group>"; };
		C2E33DBC2B46D5F2006EC323 /* Colors.swift */ = {isa = PBXFileReference; lastKnownFileType = sourcecode.swift; path = Colors.swift; sourceTree = "<group>"; };
		C2E33DC22B46D8C1006EC323 /* UserDetailsView.swift */ = {isa = PBXFileReference; lastKnownFileType = sourcecode.swift; path = UserDetailsView.swift; sourceTree = "<group>"; };
		C2E33DC82B47C281006EC323 /* UserCellView.swift */ = {isa = PBXFileReference; lastKnownFileType = sourcecode.swift; path = UserCellView.swift; sourceTree = "<group>"; };
		C2E33DCB2B47ED99006EC323 /* RepositoryListView.swift */ = {isa = PBXFileReference; lastKnownFileType = sourcecode.swift; path = RepositoryListView.swift; sourceTree = "<group>"; };
		C2E33DCD2B47EDA3006EC323 /* RepositoryCellView.swift */ = {isa = PBXFileReference; lastKnownFileType = sourcecode.swift; path = RepositoryCellView.swift; sourceTree = "<group>"; };
/* End PBXFileReference section */

/* Begin PBXFrameworksBuildPhase section */
		C24734BC2B46BE6500D8F6D9 /* Frameworks */ = {
			isa = PBXFrameworksBuildPhase;
			buildActionMask = 2147483647;
			files = (
				124648C57EFB8922FE3B897E /* Pods_git_user_explorer.framework in Frameworks */,
			);
			runOnlyForDeploymentPostprocessing = 0;
		};
/* End PBXFrameworksBuildPhase section */

/* Begin PBXGroup section */
		04C63C635E4610DB828A15E3 /* Pods */ = {
			isa = PBXGroup;
			children = (
				362C6F9AA78B4E21E3BBD2E6 /* Pods-git-user-explorer.debug.xcconfig */,
				520BF47CCFD5DA7D0E77D626 /* Pods-git-user-explorer.release.xcconfig */,
			);
			path = Pods;
			sourceTree = "<group>";
		};
		C212D21D2B4BEFC000AE4A6E /* Search */ = {
			isa = PBXGroup;
			children = (
				C212D21E2B4BEFCD00AE4A6E /* SearchUserView.swift */,
				C212D2202B4BEFD500AE4A6E /* SearchUserViewModel.swift */,
				C2E33DC82B47C281006EC323 /* UserCellView.swift */,
			);
			path = Search;
			sourceTree = "<group>";
		};
		C212D2272B4D472D00AE4A6E /* Components */ = {
			isa = PBXGroup;
			children = (
				C212D2282B4D473600AE4A6E /* EmptyView.swift */,
			);
			path = Components;
			sourceTree = "<group>";
		};
		C24734B62B46BE6500D8F6D9 = {
			isa = PBXGroup;
			children = (
				C212D21B2B4BEDB000AE4A6E /* Config.plist */,
				C24734C12B46BE6500D8F6D9 /* git-user-explorer */,
				C24734C02B46BE6500D8F6D9 /* Products */,
				04C63C635E4610DB828A15E3 /* Pods */,
				FA67CE5F195F9EF15C8D6826 /* Frameworks */,
			);
			sourceTree = "<group>";
		};
		C24734C02B46BE6500D8F6D9 /* Products */ = {
			isa = PBXGroup;
			children = (
				C24734BF2B46BE6500D8F6D9 /* git-user-explorer.app */,
			);
			name = Products;
			sourceTree = "<group>";
		};
		C24734C12B46BE6500D8F6D9 /* git-user-explorer */ = {
			isa = PBXGroup;
			children = (
				C25E6FBA2B4802320070C832 /* Networking */,
				C24B0C282B4A9D6400AE9FA1 /* Info.plist */,
				C24B0C232B4A8BEB00AE9FA1 /* Model */,
				C24B0C222B4A8BE600AE9FA1 /* View */,
				C25E6FB92B48022B0070C832 /* Shared */,
				C24734C22B46BE6500D8F6D9 /* git_user_explorerApp.swift */,
				C24734C42B46BE6500D8F6D9 /* ContentView.swift */,
				C24734C62B46BE6700D8F6D9 /* Assets.xcassets */,
				C24734C82B46BE6700D8F6D9 /* Preview Content */,
			);
			path = "git-user-explorer";
			sourceTree = "<group>";
		};
		C24734C82B46BE6700D8F6D9 /* Preview Content */ = {
			isa = PBXGroup;
			children = (
				C24734C92B46BE6700D8F6D9 /* Preview Assets.xcassets */,
			);
			path = "Preview Content";
			sourceTree = "<group>";
		};
		C24B0C222B4A8BE600AE9FA1 /* View */ = {
			isa = PBXGroup;
			children = (
				C212D21D2B4BEFC000AE4A6E /* Search */,
				C24B0C252B4A8C2900AE9FA1 /* Repo */,
				C24B0C242B4A8C1500AE9FA1 /* User */,
			);
			path = View;
			sourceTree = "<group>";
		};
		C24B0C232B4A8BEB00AE9FA1 /* Model */ = {
			isa = PBXGroup;
			children = (
				C20301182B48184000116B6E /* UserDetailsModel.swift */,
				C20301142B48110500116B6E /* UserBasicModel.swift */,
				C203011C2B48200900116B6E /* RepoBasicModel.swift */,
				C212D2222B4BF23D00AE4A6E /* SearchResponseModel.swift */,
			);
			path = Model;
			sourceTree = "<group>";
		};
		C24B0C242B4A8C1500AE9FA1 /* User */ = {
			isa = PBXGroup;
			children = (
				C2E33DC22B46D8C1006EC323 /* UserDetailsView.swift */,
				C24B0C202B4A89CC00AE9FA1 /* UserDetailsCardView.swift */,
				C24B0C1C2B4A7BC600AE9FA1 /* UserDetailsViewModel.swift */,
			);
			path = User;
			sourceTree = "<group>";
		};
		C24B0C252B4A8C2900AE9FA1 /* Repo */ = {
			isa = PBXGroup;
			children = (
				C2E33DCB2B47ED99006EC323 /* RepositoryListView.swift */,
				C2E33DCD2B47EDA3006EC323 /* RepositoryCellView.swift */,
				C24B0C262B4A8DB800AE9FA1 /* RepositoryListViewModel.swift */,
			);
			path = Repo;
			sourceTree = "<group>";
		};
		C25E6FB92B48022B0070C832 /* Shared */ = {
			isa = PBXGroup;
			children = (
				C2E33DBB2B46D5D1006EC323 /* DesignSystem */,
				C24B0C1E2B4A863200AE9FA1 /* WebView.swift */,
				C212D2192B4BECFD00AE4A6E /* Secret.swift */,
			);
			path = Shared;
			sourceTree = "<group>";
		};
		C25E6FBA2B4802320070C832 /* Networking */ = {
			isa = PBXGroup;
			children = (
				C25E6FBB2B4805240070C832 /* GitNetworkTarget.swift */,
			);
			path = Networking;
			sourceTree = "<group>";
		};
		C2E33DBB2B46D5D1006EC323 /* DesignSystem */ = {
			isa = PBXGroup;
			children = (
				C212D2272B4D472D00AE4A6E /* Components */,
				C2E33DBC2B46D5F2006EC323 /* Colors.swift */,
				C212D2152B4BDE4100AE4A6E /* Typography.swift */,
				C212D2172B4BE74500AE4A6E /* Image+Style.swift */,
			);
			path = DesignSystem;
			sourceTree = "<group>";
		};
		FA67CE5F195F9EF15C8D6826 /* Frameworks */ = {
			isa = PBXGroup;
			children = (
				8A8EBEC61FD5DBECF16F1ADD /* Pods_git_user_explorer.framework */,
			);
			name = Frameworks;
			sourceTree = "<group>";
		};
/* End PBXGroup section */

/* Begin PBXNativeTarget section */
		C24734BE2B46BE6500D8F6D9 /* git-user-explorer */ = {
			isa = PBXNativeTarget;
			buildConfigurationList = C24734CD2B46BE6700D8F6D9 /* Build configuration list for PBXNativeTarget "git-user-explorer" */;
			buildPhases = (
				E4E06BFEC235A8BF6C5D3849 /* [CP] Check Pods Manifest.lock */,
				C24734BB2B46BE6500D8F6D9 /* Sources */,
				C24734BC2B46BE6500D8F6D9 /* Frameworks */,
				C24734BD2B46BE6500D8F6D9 /* Resources */,
				CAE71B26336EDD8D47BA1523 /* [CP] Embed Pods Frameworks */,
			);
			buildRules = (
			);
			dependencies = (
			);
			name = "git-user-explorer";
			productName = "git-user-explorer";
			productReference = C24734BF2B46BE6500D8F6D9 /* git-user-explorer.app */;
			productType = "com.apple.product-type.application";
		};
/* End PBXNativeTarget section */

/* Begin PBXProject section */
		C24734B72B46BE6500D8F6D9 /* Project object */ = {
			isa = PBXProject;
			attributes = {
				BuildIndependentTargetsInParallel = 1;
				LastSwiftUpdateCheck = 1500;
				LastUpgradeCheck = 1500;
				TargetAttributes = {
					C24734BE2B46BE6500D8F6D9 = {
						CreatedOnToolsVersion = 15.0;
					};
				};
			};
			buildConfigurationList = C24734BA2B46BE6500D8F6D9 /* Build configuration list for PBXProject "git-user-explorer" */;
			compatibilityVersion = "Xcode 14.0";
			developmentRegion = en;
			hasScannedForEncodings = 0;
			knownRegions = (
				en,
				Base,
			);
			mainGroup = C24734B62B46BE6500D8F6D9;
			productRefGroup = C24734C02B46BE6500D8F6D9 /* Products */;
			projectDirPath = "";
			projectRoot = "";
			targets = (
				C24734BE2B46BE6500D8F6D9 /* git-user-explorer */,
			);
		};
/* End PBXProject section */

/* Begin PBXResourcesBuildPhase section */
		C24734BD2B46BE6500D8F6D9 /* Resources */ = {
			isa = PBXResourcesBuildPhase;
			buildActionMask = 2147483647;
			files = (
				C24734CA2B46BE6700D8F6D9 /* Preview Assets.xcassets in Resources */,
				C212D21C2B4BEDB000AE4A6E /* Config.plist in Resources */,
				C24734C72B46BE6700D8F6D9 /* Assets.xcassets in Resources */,
			);
			runOnlyForDeploymentPostprocessing = 0;
		};
/* End PBXResourcesBuildPhase section */

/* Begin PBXShellScriptBuildPhase section */
		CAE71B26336EDD8D47BA1523 /* [CP] Embed Pods Frameworks */ = {
			isa = PBXShellScriptBuildPhase;
			buildActionMask = 2147483647;
			files = (
			);
			inputFileListPaths = (
				"${PODS_ROOT}/Target Support Files/Pods-git-user-explorer/Pods-git-user-explorer-frameworks-${CONFIGURATION}-input-files.xcfilelist",
			);
			name = "[CP] Embed Pods Frameworks";
			outputFileListPaths = (
				"${PODS_ROOT}/Target Support Files/Pods-git-user-explorer/Pods-git-user-explorer-frameworks-${CONFIGURATION}-output-files.xcfilelist",
			);
			runOnlyForDeploymentPostprocessing = 0;
			shellPath = /bin/sh;
			shellScript = "\"${PODS_ROOT}/Target Support Files/Pods-git-user-explorer/Pods-git-user-explorer-frameworks.sh\"\n";
			showEnvVarsInLog = 0;
		};
		E4E06BFEC235A8BF6C5D3849 /* [CP] Check Pods Manifest.lock */ = {
			isa = PBXShellScriptBuildPhase;
			buildActionMask = 2147483647;
			files = (
			);
			inputFileListPaths = (
			);
			inputPaths = (
				"${PODS_PODFILE_DIR_PATH}/Podfile.lock",
				"${PODS_ROOT}/Manifest.lock",
			);
			name = "[CP] Check Pods Manifest.lock";
			outputFileListPaths = (
			);
			outputPaths = (
				"$(DERIVED_FILE_DIR)/Pods-git-user-explorer-checkManifestLockResult.txt",
			);
			runOnlyForDeploymentPostprocessing = 0;
			shellPath = /bin/sh;
			shellScript = "diff \"${PODS_PODFILE_DIR_PATH}/Podfile.lock\" \"${PODS_ROOT}/Manifest.lock\" > /dev/null\nif [ $? != 0 ] ; then\n    # print error to STDERR\n    echo \"error: The sandbox is not in sync with the Podfile.lock. Run 'pod install' or update your CocoaPods installation.\" >&2\n    exit 1\nfi\n# This output is used by Xcode 'outputs' to avoid re-running this script phase.\necho \"SUCCESS\" > \"${SCRIPT_OUTPUT_FILE_0}\"\n";
			showEnvVarsInLog = 0;
		};
/* End PBXShellScriptBuildPhase section */

/* Begin PBXSourcesBuildPhase section */
		C24734BB2B46BE6500D8F6D9 /* Sources */ = {
			isa = PBXSourcesBuildPhase;
			buildActionMask = 2147483647;
			files = (
				C2E33DC32B46D8C1006EC323 /* UserDetailsView.swift in Sources */,
				C212D21A2B4BECFD00AE4A6E /* Secret.swift in Sources */,
				C2E33DCC2B47ED99006EC323 /* RepositoryListView.swift in Sources */,
				C212D2292B4D473600AE4A6E /* EmptyView.swift in Sources */,
				C20301192B48184000116B6E /* UserDetailsModel.swift in Sources */,
				C24B0C1D2B4A7BC600AE9FA1 /* UserDetailsViewModel.swift in Sources */,
				C212D2182B4BE74500AE4A6E /* Image+Style.swift in Sources */,
				C203011D2B48200900116B6E /* RepoBasicModel.swift in Sources */,
				C24B0C1F2B4A863200AE9FA1 /* WebView.swift in Sources */,
				C20301152B48110500116B6E /* UserBasicModel.swift in Sources */,
				C2E33DC92B47C281006EC323 /* UserCellView.swift in Sources */,
				C212D21F2B4BEFCD00AE4A6E /* SearchUserView.swift in Sources */,
				C24734C52B46BE6500D8F6D9 /* ContentView.swift in Sources */,
				C2E33DCE2B47EDA3006EC323 /* RepositoryCellView.swift in Sources */,
				C2E33DBD2B46D5F2006EC323 /* Colors.swift in Sources */,
				C25E6FBC2B4805240070C832 /* GitNetworkTarget.swift in Sources */,
				C212D2212B4BEFD500AE4A6E /* SearchUserViewModel.swift in Sources */,
				C24B0C212B4A89CC00AE9FA1 /* UserDetailsCardView.swift in Sources */,
				C24734C32B46BE6500D8F6D9 /* git_user_explorerApp.swift in Sources */,
				C212D2232B4BF23D00AE4A6E /* SearchResponseModel.swift in Sources */,
				C212D2162B4BDE4100AE4A6E /* Typography.swift in Sources */,
				C24B0C272B4A8DB800AE9FA1 /* RepositoryListViewModel.swift in Sources */,
			);
			runOnlyForDeploymentPostprocessing = 0;
		};
/* End PBXSourcesBuildPhase section */

/* Begin XCBuildConfiguration section */
		C24734CB2B46BE6700D8F6D9 /* Debug */ = {
			isa = XCBuildConfiguration;
			buildSettings = {
				ALWAYS_SEARCH_USER_PATHS = NO;
				ASSETCATALOG_COMPILER_GENERATE_SWIFT_ASSET_SYMBOL_EXTENSIONS = YES;
				CLANG_ANALYZER_NONNULL = YES;
				CLANG_ANALYZER_NUMBER_OBJECT_CONVERSION = YES_AGGRESSIVE;
				CLANG_CXX_LANGUAGE_STANDARD = "gnu++20";
				CLANG_ENABLE_MODULES = YES;
				CLANG_ENABLE_OBJC_ARC = YES;
				CLANG_ENABLE_OBJC_WEAK = YES;
				CLANG_WARN_BLOCK_CAPTURE_AUTORELEASING = YES;
				CLANG_WARN_BOOL_CONVERSION = YES;
				CLANG_WARN_COMMA = YES;
				CLANG_WARN_CONSTANT_CONVERSION = YES;
				CLANG_WARN_DEPRECATED_OBJC_IMPLEMENTATIONS = YES;
				CLANG_WARN_DIRECT_OBJC_ISA_USAGE = YES_ERROR;
				CLANG_WARN_DOCUMENTATION_COMMENTS = YES;
				CLANG_WARN_EMPTY_BODY = YES;
				CLANG_WARN_ENUM_CONVERSION = YES;
				CLANG_WARN_INFINITE_RECURSION = YES;
				CLANG_WARN_INT_CONVERSION = YES;
				CLANG_WARN_NON_LITERAL_NULL_CONVERSION = YES;
				CLANG_WARN_OBJC_IMPLICIT_RETAIN_SELF = YES;
				CLANG_WARN_OBJC_LITERAL_CONVERSION = YES;
				CLANG_WARN_OBJC_ROOT_CLASS = YES_ERROR;
				CLANG_WARN_QUOTED_INCLUDE_IN_FRAMEWORK_HEADER = YES;
				CLANG_WARN_RANGE_LOOP_ANALYSIS = YES;
				CLANG_WARN_STRICT_PROTOTYPES = YES;
				CLANG_WARN_SUSPICIOUS_MOVE = YES;
				CLANG_WARN_UNGUARDED_AVAILABILITY = YES_AGGRESSIVE;
				CLANG_WARN_UNREACHABLE_CODE = YES;
				CLANG_WARN__DUPLICATE_METHOD_MATCH = YES;
				COPY_PHASE_STRIP = NO;
				DEBUG_INFORMATION_FORMAT = dwarf;
				ENABLE_STRICT_OBJC_MSGSEND = YES;
				ENABLE_TESTABILITY = YES;
				ENABLE_USER_SCRIPT_SANDBOXING = YES;
				GCC_C_LANGUAGE_STANDARD = gnu17;
				GCC_DYNAMIC_NO_PIC = NO;
				GCC_NO_COMMON_BLOCKS = YES;
				GCC_OPTIMIZATION_LEVEL = 0;
				GCC_PREPROCESSOR_DEFINITIONS = (
					"DEBUG=1",
					"$(inherited)",
				);
				GCC_WARN_64_TO_32_BIT_CONVERSION = YES;
				GCC_WARN_ABOUT_RETURN_TYPE = YES_ERROR;
				GCC_WARN_UNDECLARED_SELECTOR = YES;
				GCC_WARN_UNINITIALIZED_AUTOS = YES_AGGRESSIVE;
				GCC_WARN_UNUSED_FUNCTION = YES;
				GCC_WARN_UNUSED_VARIABLE = YES;
				IPHONEOS_DEPLOYMENT_TARGET = 17.0;
				LOCALIZATION_PREFERS_STRING_CATALOGS = YES;
				MTL_ENABLE_DEBUG_INFO = INCLUDE_SOURCE;
				MTL_FAST_MATH = YES;
				ONLY_ACTIVE_ARCH = YES;
				SDKROOT = iphoneos;
				SWIFT_ACTIVE_COMPILATION_CONDITIONS = "DEBUG $(inherited)";
				SWIFT_OPTIMIZATION_LEVEL = "-Onone";
			};
			name = Debug;
		};
		C24734CC2B46BE6700D8F6D9 /* Release */ = {
			isa = XCBuildConfiguration;
			buildSettings = {
				ALWAYS_SEARCH_USER_PATHS = NO;
				ASSETCATALOG_COMPILER_GENERATE_SWIFT_ASSET_SYMBOL_EXTENSIONS = YES;
				CLANG_ANALYZER_NONNULL = YES;
				CLANG_ANALYZER_NUMBER_OBJECT_CONVERSION = YES_AGGRESSIVE;
				CLANG_CXX_LANGUAGE_STANDARD = "gnu++20";
				CLANG_ENABLE_MODULES = YES;
				CLANG_ENABLE_OBJC_ARC = YES;
				CLANG_ENABLE_OBJC_WEAK = YES;
				CLANG_WARN_BLOCK_CAPTURE_AUTORELEASING = YES;
				CLANG_WARN_BOOL_CONVERSION = YES;
				CLANG_WARN_COMMA = YES;
				CLANG_WARN_CONSTANT_CONVERSION = YES;
				CLANG_WARN_DEPRECATED_OBJC_IMPLEMENTATIONS = YES;
				CLANG_WARN_DIRECT_OBJC_ISA_USAGE = YES_ERROR;
				CLANG_WARN_DOCUMENTATION_COMMENTS = YES;
				CLANG_WARN_EMPTY_BODY = YES;
				CLANG_WARN_ENUM_CONVERSION = YES;
				CLANG_WARN_INFINITE_RECURSION = YES;
				CLANG_WARN_INT_CONVERSION = YES;
				CLANG_WARN_NON_LITERAL_NULL_CONVERSION = YES;
				CLANG_WARN_OBJC_IMPLICIT_RETAIN_SELF = YES;
				CLANG_WARN_OBJC_LITERAL_CONVERSION = YES;
				CLANG_WARN_OBJC_ROOT_CLASS = YES_ERROR;
				CLANG_WARN_QUOTED_INCLUDE_IN_FRAMEWORK_HEADER = YES;
				CLANG_WARN_RANGE_LOOP_ANALYSIS = YES;
				CLANG_WARN_STRICT_PROTOTYPES = YES;
				CLANG_WARN_SUSPICIOUS_MOVE = YES;
				CLANG_WARN_UNGUARDED_AVAILABILITY = YES_AGGRESSIVE;
				CLANG_WARN_UNREACHABLE_CODE = YES;
				CLANG_WARN__DUPLICATE_METHOD_MATCH = YES;
				COPY_PHASE_STRIP = NO;
				DEBUG_INFORMATION_FORMAT = "dwarf-with-dsym";
				ENABLE_NS_ASSERTIONS = NO;
				ENABLE_STRICT_OBJC_MSGSEND = YES;
				ENABLE_USER_SCRIPT_SANDBOXING = YES;
				GCC_C_LANGUAGE_STANDARD = gnu17;
				GCC_NO_COMMON_BLOCKS = YES;
				GCC_WARN_64_TO_32_BIT_CONVERSION = YES;
				GCC_WARN_ABOUT_RETURN_TYPE = YES_ERROR;
				GCC_WARN_UNDECLARED_SELECTOR = YES;
				GCC_WARN_UNINITIALIZED_AUTOS = YES_AGGRESSIVE;
				GCC_WARN_UNUSED_FUNCTION = YES;
				GCC_WARN_UNUSED_VARIABLE = YES;
				IPHONEOS_DEPLOYMENT_TARGET = 17.0;
				LOCALIZATION_PREFERS_STRING_CATALOGS = YES;
				MTL_ENABLE_DEBUG_INFO = NO;
				MTL_FAST_MATH = YES;
				SDKROOT = iphoneos;
				SWIFT_COMPILATION_MODE = wholemodule;
				VALIDATE_PRODUCT = YES;
			};
			name = Release;
		};
		C24734CE2B46BE6700D8F6D9 /* Debug */ = {
			isa = XCBuildConfiguration;
			baseConfigurationReference = 362C6F9AA78B4E21E3BBD2E6 /* Pods-git-user-explorer.debug.xcconfig */;
			buildSettings = {
				ASSETCATALOG_COMPILER_APPICON_NAME = AppIcon;
				ASSETCATALOG_COMPILER_GLOBAL_ACCENT_COLOR_NAME = AccentColor;
				CODE_SIGN_STYLE = Automatic;
				CURRENT_PROJECT_VERSION = 2;
				DEVELOPMENT_ASSET_PATHS = "\"git-user-explorer/Preview Content\"";
				DEVELOPMENT_TEAM = 7S73LM65L7;
				ENABLE_APP_SANDBOX = NO;
				ENABLE_PREVIEWS = YES;
				ENABLE_USER_SCRIPT_SANDBOXING = NO;
				GENERATE_INFOPLIST_FILE = YES;
				INFOPLIST_FILE = "git-user-explorer/Info.plist";
				INFOPLIST_KEY_UIApplicationSceneManifest_Generation = YES;
				INFOPLIST_KEY_UIApplicationSupportsIndirectInputEvents = YES;
				INFOPLIST_KEY_UILaunchScreen_Generation = YES;
				INFOPLIST_KEY_UISupportedInterfaceOrientations = "UIInterfaceOrientationLandscapeLeft UIInterfaceOrientationLandscapeRight UIInterfaceOrientationPortrait";
				INFOPLIST_KEY_UISupportedInterfaceOrientations_iPad = UIInterfaceOrientationPortrait;
				LD_RUNPATH_SEARCH_PATHS = (
					"$(inherited)",
					"@executable_path/Frameworks",
				);
				MARKETING_VERSION = 1.0;
				PRODUCT_BUNDLE_IDENTIFIER = "paramithatm.git-user-explorer";
				PRODUCT_NAME = "$(TARGET_NAME)";
				SUPPORTED_PLATFORMS = "iphoneos iphonesimulator";
				SUPPORTS_MACCATALYST = NO;
				SUPPORTS_MAC_DESIGNED_FOR_IPHONE_IPAD = NO;
				SWIFT_EMIT_LOC_STRINGS = YES;
				SWIFT_VERSION = 5.0;
				TARGETED_DEVICE_FAMILY = 1;
			};
			name = Debug;
		};
		C24734CF2B46BE6700D8F6D9 /* Release */ = {
			isa = XCBuildConfiguration;
			baseConfigurationReference = 520BF47CCFD5DA7D0E77D626 /* Pods-git-user-explorer.release.xcconfig */;
			buildSettings = {
				ASSETCATALOG_COMPILER_APPICON_NAME = AppIcon;
				ASSETCATALOG_COMPILER_GLOBAL_ACCENT_COLOR_NAME = AccentColor;
				CODE_SIGN_STYLE = Automatic;
				CURRENT_PROJECT_VERSION = 2;
				DEVELOPMENT_ASSET_PATHS = "\"git-user-explorer/Preview Content\"";
				DEVELOPMENT_TEAM = 7S73LM65L7;
				ENABLE_APP_SANDBOX = NO;
				ENABLE_PREVIEWS = YES;
				ENABLE_USER_SCRIPT_SANDBOXING = NO;
				GENERATE_INFOPLIST_FILE = YES;
				INFOPLIST_FILE = "git-user-explorer/Info.plist";
				INFOPLIST_KEY_UIApplicationSceneManifest_Generation = YES;
				INFOPLIST_KEY_UIApplicationSupportsIndirectInputEvents = YES;
				INFOPLIST_KEY_UILaunchScreen_Generation = YES;
				INFOPLIST_KEY_UISupportedInterfaceOrientations = "UIInterfaceOrientationLandscapeLeft UIInterfaceOrientationLandscapeRight UIInterfaceOrientationPortrait";
				INFOPLIST_KEY_UISupportedInterfaceOrientations_iPad = UIInterfaceOrientationPortrait;
				LD_RUNPATH_SEARCH_PATHS = (
					"$(inherited)",
					"@executable_path/Frameworks",
				);
				MARKETING_VERSION = 1.0;
				PRODUCT_BUNDLE_IDENTIFIER = "paramithatm.git-user-explorer";
				PRODUCT_NAME = "$(TARGET_NAME)";
				SUPPORTED_PLATFORMS = "iphoneos iphonesimulator";
				SUPPORTS_MACCATALYST = NO;
				SUPPORTS_MAC_DESIGNED_FOR_IPHONE_IPAD = NO;
				SWIFT_EMIT_LOC_STRINGS = YES;
				SWIFT_VERSION = 5.0;
				TARGETED_DEVICE_FAMILY = 1;
			};
			name = Release;
		};
/* End XCBuildConfiguration section */

/* Begin XCConfigurationList section */
		C24734BA2B46BE6500D8F6D9 /* Build configuration list for PBXProject "git-user-explorer" */ = {
			isa = XCConfigurationList;
			buildConfigurations = (
				C24734CB2B46BE6700D8F6D9 /* Debug */,
				C24734CC2B46BE6700D8F6D9 /* Release */,
			);
			defaultConfigurationIsVisible = 0;
			defaultConfigurationName = Release;
		};
		C24734CD2B46BE6700D8F6D9 /* Build configuration list for PBXNativeTarget "git-user-explorer" */ = {
			isa = XCConfigurationList;
			buildConfigurations = (
				C24734CE2B46BE6700D8F6D9 /* Debug */,
				C24734CF2B46BE6700D8F6D9 /* Release */,
			);
			defaultConfigurationIsVisible = 0;
			defaultConfigurationName = Release;
		};
/* End XCConfigurationList section */
	};
	rootObject = C24734B72B46BE6500D8F6D9 /* Project object */;
}
